
Microsoft Visual Studio Solution File, Format Version 12.00
# Visual Studio Version 16
VisualStudioVersion = 16.0.29424.173
MinimumVisualStudioVersion = 10.0.40219.1
Project("{9A19103F-16F7-4668-BE54-9A1E7A4F7556}") = "SampleProduct.API", "SampleProduct.API\SampleProduct.API.csproj", "{42DB9A98-7885-4C5B-B73C-89DA5DCF731B}"
EndProject
Project("{9A19103F-16F7-4668-BE54-9A1E7A4F7556}") = "SampleProduct.ORM", "SampleProduct.ORM\SampleProduct.ORM.csproj", "{7ECFDA15-13B1-4E55-94F0-494B7A5307D8}"
EndProject
Project("{9A19103F-16F7-4668-BE54-9A1E7A4F7556}") = "SampleProduct.UI", "SampleProduct.UI\SampleProduct.UI.csproj", "{83370E3D-CD69-4C8F-977B-8DEAF5A11756}"
EndProject
Project("{FAE04EC0-301F-11D3-BF4B-00C04F79EFBC}") = "SampleProduct.Service", "SampleProduct.Service\SampleProduct.Service.csproj", "{CC959868-507A-403D-8454-382FBE6B409D}"
EndProject
Global
	GlobalSection(SolutionConfigurationPlatforms) = preSolution
		Debug|Any CPU = Debug|Any CPU
		Release|Any CPU = Release|Any CPU
	EndGlobalSection
	GlobalSection(ProjectConfigurationPlatforms) = postSolution
		{42DB9A98-7885-4C5B-B73C-89DA5DCF731B}.Debug|Any CPU.ActiveCfg = Debug|Any CPU
		{42DB9A98-7885-4C5B-B73C-89DA5DCF731B}.Debug|Any CPU.Build.0 = Debug|Any CPU
		{42DB9A98-7885-4C5B-B73C-89DA5DCF731B}.Release|Any CPU.ActiveCfg = Release|Any CPU
		{42DB9A98-7885-4C5B-B73C-89DA5DCF731B}.Release|Any CPU.Build.0 = Release|Any CPU
		{7ECFDA15-13B1-4E55-94F0-494B7A5307D8}.Debug|Any CPU.ActiveCfg = Debug|Any CPU
		{7ECFDA15-13B1-4E55-94F0-494B7A5307D8}.Debug|Any CPU.Build.0 = Debug|Any CPU
		{7ECFDA15-13B1-4E55-94F0-494B7A5307D8}.Release|Any CPU.ActiveCfg = Release|Any CPU
		{7ECFDA15-13B1-4E55-94F0-494B7A5307D8}.Release|Any CPU.Build.0 = Release|Any CPU
		{83370E3D-CD69-4C8F-977B-8DEAF5A11756}.Debug|Any CPU.ActiveCfg = Debug|Any CPU
		{83370E3D-CD69-4C8F-977B-8DEAF5A11756}.Debug|Any CPU.Build.0 = Debug|Any CPU
		{83370E3D-CD69-4C8F-977B-8DEAF5A11756}.Release|Any CPU.ActiveCfg = Release|Any CPU
		{83370E3D-CD69-4C8F-977B-8DEAF5A11756}.Release|Any CPU.Build.0 = Release|Any CPU
		{CC959868-507A-403D-8454-382FBE6B409D}.Debug|Any CPU.ActiveCfg = Debug|Any CPU
		{CC959868-507A-403D-8454-382FBE6B409D}.Debug|Any CPU.Build.0 = Debug|Any CPU
		{CC959868-507A-403D-8454-382FBE6B409D}.Release|Any CPU.ActiveCfg = Release|Any CPU
		{CC959868-507A-403D-8454-382FBE6B409D}.Release|Any CPU.Build.0 = Release|Any CPU
	EndGlobalSection
	GlobalSection(SolutionProperties) = preSolution
		HideSolutionNode = FALSE
	EndGlobalSection
	GlobalSection(ExtensibilityGlobals) = postSolution
		SolutionGuid = {D01BC577-821C-40BE-9F2F-EF4CC60E25F8}
	EndGlobalSection
EndGlobal
